
Microsoft Visual Studio Solution File, Format Version 12.00
# Visual Studio 15
Project("{FAE04EC0-301F-11D3-BF4B-00C04F79EFBC}") = "Unity.LEGO.Minifig", "Unity.LEGO.Minifig.csproj", "{F9A83CEE-9BDA-B157-B447-E421639B719D}"
EndProject
Project("{FAE04EC0-301F-11D3-BF4B-00C04F79EFBC}") = "Unity.LEGO.Behaviours", "Unity.LEGO.Behaviours.csproj", "{868D830E-D340-A489-AB2F-5F18037DD79E}"
EndProject
Project("{FAE04EC0-301F-11D3-BF4B-00C04F79EFBC}") = "Unity.LEGO.Game", "Unity.LEGO.Game.csproj", "{C1155B0D-F770-EC10-AB98-0196D604B667}"
EndProject
Project("{FAE04EC0-301F-11D3-BF4B-00C04F79EFBC}") = "Unity.LEGO.UI", "Unity.LEGO.UI.csproj", "{B7E72EC7-E296-21B1-5B94-685E41E46493}"
EndProject
Project("{FAE04EC0-301F-11D3-BF4B-00C04F79EFBC}") = "Unity.LEGO.Utilities", "Unity.LEGO.Utilities.csproj", "{F7A6BF56-AF5F-6185-5A7F-D873E1017130}"
EndProject
Project("{FAE04EC0-301F-11D3-BF4B-00C04F79EFBC}") = "Unity.LEGO.Gameplay", "Unity.LEGO.Gameplay.csproj", "{F6B31293-1DA2-59B0-B011-500034EC1137}"
EndProject
Project("{FAE04EC0-301F-11D3-BF4B-00C04F79EFBC}") = "Unity.LEGO.Editor", "Unity.LEGO.Editor.csproj", "{4C71E210-B570-17A2-E633-4D81A556C952}"
EndProject
Project("{FAE04EC0-301F-11D3-BF4B-00C04F79EFBC}") = "Unity.LEGO.Tutorials", "Unity.LEGO.Tutorials.csproj", "{C9A83369-BF80-955E-30FE-81F9E800F96D}"
EndProject
Project("{FAE04EC0-301F-11D3-BF4B-00C04F79EFBC}") = "Assembly-CSharp-Editor-firstpass", "Assembly-CSharp-Editor-firstpass.csproj", "{E88337B1-E6DE-2E8F-100D-A9546669A817}"
EndProject
Global
	GlobalSection(SolutionConfigurationPlatforms) = preSolution
		Debug|Any CPU = Debug|Any CPU
		Release|Any CPU = Release|Any CPU
	EndGlobalSection
	GlobalSection(ProjectConfigurationPlatforms) = postSolution
		{F9A83CEE-9BDA-B157-B447-E421639B719D}.Debug|Any CPU.ActiveCfg = Debug|Any CPU
		{F9A83CEE-9BDA-B157-B447-E421639B719D}.Debug|Any CPU.Build.0 = Debug|Any CPU
		{F9A83CEE-9BDA-B157-B447-E421639B719D}.Release|Any CPU.ActiveCfg = Release|Any CPU
		{F9A83CEE-9BDA-B157-B447-E421639B719D}.Release|Any CPU.Build.0 = Release|Any CPU
		{868D830E-D340-A489-AB2F-5F18037DD79E}.Debug|Any CPU.ActiveCfg = Debug|Any CPU
		{868D830E-D340-A489-AB2F-5F18037DD79E}.Debug|Any CPU.Build.0 = Debug|Any CPU
		{868D830E-D340-A489-AB2F-5F18037DD79E}.Release|Any CPU.ActiveCfg = Release|Any CPU
		{868D830E-D340-A489-AB2F-5F18037DD79E}.Release|Any CPU.Build.0 = Release|Any CPU
		{C1155B0D-F770-EC10-AB98-0196D604B667}.Debug|Any CPU.ActiveCfg = Debug|Any CPU
		{C1155B0D-F770-EC10-AB98-0196D604B667}.Debug|Any CPU.Build.0 = Debug|Any CPU
		{C1155B0D-F770-EC10-AB98-0196D604B667}.Release|Any CPU.ActiveCfg = Release|Any CPU
		{C1155B0D-F770-EC10-AB98-0196D604B667}.Release|Any CPU.Build.0 = Release|Any CPU
		{B7E72EC7-E296-21B1-5B94-685E41E46493}.Debug|Any CPU.ActiveCfg = Debug|Any CPU
		{B7E72EC7-E296-21B1-5B94-685E41E46493}.Debug|Any CPU.Build.0 = Debug|Any CPU
		{B7E72EC7-E296-21B1-5B94-685E41E46493}.Release|Any CPU.ActiveCfg = Release|Any CPU
		{B7E72EC7-E296-21B1-5B94-685E41E46493}.Release|Any CPU.Build.0 = Release|Any CPU
		{F7A6BF56-AF5F-6185-5A7F-D873E1017130}.Debug|Any CPU.ActiveCfg = Debug|Any CPU
		{F7A6BF56-AF5F-6185-5A7F-D873E1017130}.Debug|Any CPU.Build.0 = Debug|Any CPU
		{F7A6BF56-AF5F-6185-5A7F-D873E1017130}.Release|Any CPU.ActiveCfg = Release|Any CPU
		{F7A6BF56-AF5F-6185-5A7F-D873E1017130}.Release|Any CPU.Build.0 = Release|Any CPU
		{F6B31293-1DA2-59B0-B011-500034EC1137}.Debug|Any CPU.ActiveCfg = Debug|Any CPU
		{F6B31293-1DA2-59B0-B011-500034EC1137}.Debug|Any CPU.Build.0 = Debug|Any CPU
		{F6B31293-1DA2-59B0-B011-500034EC1137}.Release|Any CPU.ActiveCfg = Release|Any CPU
		{F6B31293-1DA2-59B0-B011-500034EC1137}.Release|Any CPU.Build.0 = Release|Any CPU
		{4C71E210-B570-17A2-E633-4D81A556C952}.Debug|Any CPU.ActiveCfg = Debug|Any CPU
		{4C71E210-B570-17A2-E633-4D81A556C952}.Debug|Any CPU.Build.0 = Debug|Any CPU
		{4C71E210-B570-17A2-E633-4D81A556C952}.Release|Any CPU.ActiveCfg = Release|Any CPU
		{4C71E210-B570-17A2-E633-4D81A556C952}.Release|Any CPU.Build.0 = Release|Any CPU
		{C9A83369-BF80-955E-30FE-81F9E800F96D}.Debug|Any CPU.ActiveCfg = Debug|Any CPU
		{C9A83369-BF80-955E-30FE-81F9E800F96D}.Debug|Any CPU.Build.0 = Debug|Any CPU
		{C9A83369-BF80-955E-30FE-81F9E800F96D}.Release|Any CPU.ActiveCfg = Release|Any CPU
		{C9A83369-BF80-955E-30FE-81F9E800F96D}.Release|Any CPU.Build.0 = Release|Any CPU
		{E88337B1-E6DE-2E8F-100D-A9546669A817}.Debug|Any CPU.ActiveCfg = Debug|Any CPU
		{E88337B1-E6DE-2E8F-100D-A9546669A817}.Debug|Any CPU.Build.0 = Debug|Any CPU
		{E88337B1-E6DE-2E8F-100D-A9546669A817}.Release|Any CPU.ActiveCfg = Release|Any CPU
		{E88337B1-E6DE-2E8F-100D-A9546669A817}.Release|Any CPU.Build.0 = Release|Any CPU
	EndGlobalSection
	GlobalSection(SolutionProperties) = preSolution
		HideSolutionNode = FALSE
	EndGlobalSection
EndGlobal
